{
    "_meta": {
        "hash": {
            "sha256": "6f10c546405fcf0af8019fd2bd4f2251df5bb41eec4325060cbff2ea0422f831"
        },
        "pipfile-spec": 6,
        "requires": {
            "python_version": "3.11"
        },
        "sources": [
            {
                "name": "pypi",
                "url": "https://pypi.org/simple",
                "verify_ssl": true
            }
        ]
    },
    "default": {
        "blinker": {
            "hashes": [
                "sha256:b4ce2265a7abece45e7cc896e98dbebe6cead56bcf805a3d23136d145f5445bf",
                "sha256:ba0efaa9080b619ff2f3459d1d500c57bddea4a6b424b60a91141db6fd2f08bc"
            ],
            "markers": "python_version >= '3.9'",
            "version": "==1.9.0"
        },
        "click": {
            "hashes": [
                "sha256:9b9f285302c6e3064f4330c05f05b81945b2a39544279343e6e7c5f27a9baddc",
                "sha256:e7b8232224eba16f4ebe410c25ced9f7875cb5f3263ffc93cc3e8da705e229c4"
            ],
            "markers": "python_version >= '3.10'",
            "version": "==8.3.0"
        },
        "dnspython": {
            "hashes": [
                "sha256:01d9bbc4a2d76bf0db7c1f729812ded6d912bd318d3b1cf81d30c0f845dbf3af",
                "sha256:181d3c6996452cb1189c4046c61599b84a5a86e099562ffde77d26984ff26d0f"
            ],
            "markers": "python_version >= '3.10'",
            "version": "==2.8.0"
        },
        "flask": {
            "hashes": [
                "sha256:34e815dfaa43340d1d15a5c3a02b8476004037eb4840b34910c6e21679d288f3",
                "sha256:ceb27b0af3823ea2737928a4d99d125a06175b8512c445cbd9a9ce200ef76842"
            ],
            "index": "pypi",
            "markers": "python_version >= '3.8'",
            "version": "==3.0.3"
        },
        "flask-login": {
            "hashes": [
                "sha256:5e23d14a607ef12806c699590b89d0f0e0d67baeec599d75947bf9c147330333",
                "sha256:849b25b82a436bf830a054e74214074af59097171562ab10bfa999e6b78aae5d"
            ],
            "index": "pypi",
            "markers": "python_version >= '3.7'",
            "version": "==0.6.3"
        },
        "itsdangerous": {
            "hashes": [
                "sha256:c6242fc49e35958c8b15141343aa660db5fc54d4f13a1db01a3f5891b98700ef",
                "sha256:e0050c0b7da1eea53ffaf149c0cfbb5c6e2e2b69c4bef22c81fa6eb73e5f6173"
            ],
            "markers": "python_version >= '3.8'",
            "version": "==2.2.0"
        },
        "jinja2": {
            "hashes": [
                "sha256:0137fb05990d35f1275a587e9aee6d56da821fc83491a0fb838183be43f66d6d",
                "sha256:85ece4451f492d0c13c5dd7c13a64681a86afae63a5f347908daf103ce6d2f67"
            ],
            "markers": "python_version >= '3.7'",
            "version": "==3.1.6"
        },
        "markupsafe": {
            "hashes": [
                "sha256:0303439a41979d9e74d18ff5e2dd8c43ed6c6001fd40e5bf2e43f7bd9bbc523f",
                "sha256:068f375c472b3e7acbe2d5318dea141359e6900156b5b2ba06a30b169086b91a",
                "sha256:0bf2a864d67e76e5c9a34dc26ec616a66b9888e25e7b9460e1c76d3293bd9dbf",
                "sha256:0db14f5dafddbb6d9208827849fad01f1a2609380add406671a26386cdf15a19",
                "sha256:0eb9ff8191e8498cca014656ae6b8d61f39da5f95b488805da4bb029cccbfbaf",
                "sha256:0f4b68347f8c5eab4a13419215bdfd7f8c9b19f2b25520968adfad23eb0ce60c",
                "sha256:1085e7fbddd3be5f89cc898938f42c0b3c711fdcb37d75221de2666af647c175",
                "sha256:116bb52f642a37c115f517494ea5feb03889e04df47eeff5b130b1808ce7c219",
                "sha256:12c63dfb4a98206f045aa9563db46507995f7ef6d83b2f68eda65c307c6829eb",
                "sha256:133a43e73a802c5562be9bbcd03d090aa5a1fe899db609c29e8c8d815c5f6de6",
                "sha256:1353ef0c1b138e1907ae78e2f6c63ff67501122006b0f9abad68fda5f4ffc6ab",
                "sha256:15d939a21d546304880945ca1ecb8a039db6b4dc49b2c5a400387cdae6a62e26",
                "sha256:177b5253b2834fe3678cb4a5f0059808258584c559193998be2601324fdeafb1",
                "sha256:1872df69a4de6aead3491198eaf13810b565bdbeec3ae2dc8780f14458ec73ce",
                "sha256:1b4b79e8ebf6b55351f0d91fe80f893b4743f104bff22e90697db1590e47a218",
                "sha256:1b52b4fb9df4eb9ae465f8d0c228a00624de2334f216f178a995ccdcf82c4634",
                "sha256:1ba88449deb3de88bd40044603fafffb7bc2b055d626a330323a9ed736661695",
                "sha256:1cc7ea17a6824959616c525620e387f6dd30fec8cb44f649e31712db02123dad",
                "sha256:218551f6df4868a8d527e3062d0fb968682fe92054e89978594c28e642c43a73",
                "sha256:26a5784ded40c9e318cfc2bdb30fe164bdb8665ded9cd64d500a34fb42067b1c",
                "sha256:2713baf880df847f2bece4230d4d094280f4e67b1e813eec43b4c0e144a34ffe",
                "sha256:2a15a08b17dd94c53a1da0438822d70ebcd13f8c3a95abe3a9ef9f11a94830aa",
                "sha256:2f981d352f04553a7171b8e44369f2af4055f888dfb147d55e42d29e29e74559",
                "sha256:32001d6a8fc98c8cb5c947787c5d08b0a50663d139f1305bac5885d98d9b40fa",
                "sha256:3524b778fe5cfb3452a09d31e7b5adefeea8c5be1d43c4f810ba09f2ceb29d37",
                "sha256:3537e01efc9d4dccdf77221fb1cb3b8e1a38d5428920e0657ce299b20324d758",
                "sha256:35add3b638a5d900e807944a078b51922212fb3dedb01633a8defc4b01a3c85f",
                "sha256:38664109c14ffc9e7437e86b4dceb442b0096dfe3541d7864d9cbe1da4cf36c8",
                "sha256:3a7e8ae81ae39e62a41ec302f972ba6ae23a5c5396c8e60113e9066ef893da0d",
                "sha256:3b562dd9e9ea93f13d53989d23a7e775fdfd1066c33494ff43f5418bc8c58a5c",
                "sha256:457a69a9577064c05a97c41f4e65148652db078a3a509039e64d3467b9e7ef97",
                "sha256:4bd4cd07944443f5a265608cc6aab442e4f74dff8088b0dfc8238647b8f6ae9a",
                "sha256:4e885a3d1efa2eadc93c894a21770e4bc67899e3543680313b09f139e149ab19",
                "sha256:4faffd047e07c38848ce017e8725090413cd80cbc23d86e55c587bf979e579c9",
                "sha256:509fa21c6deb7a7a273d629cf5ec029bc209d1a51178615ddf718f5918992ab9",
                "sha256:5678211cb9333a6468fb8d8be0305520aa073f50d17f089b5b4b477ea6e67fdc",
                "sha256:591ae9f2a647529ca990bc681daebdd52c8791ff06c2bfa05b65163e28102ef2",
                "sha256:5a7d5dc5140555cf21a6fefbdbf8723f06fcd2f63ef108f2854de715e4422cb4",
                "sha256:69c0b73548bc525c8cb9a251cddf1931d1db4d2258e9599c28c07ef3580ef354",
                "sha256:6b5420a1d9450023228968e7e6a9ce57f65d148ab56d2313fcd589eee96a7a50",
                "sha256:722695808f4b6457b320fdc131280796bdceb04ab50fe1795cd540799ebe1698",
                "sha256:729586769a26dbceff69f7a7dbbf59ab6572b99d94576a5592625d5b411576b9",
                "sha256:77f0643abe7495da77fb436f50f8dab76dbc6e5fd25d39589a0f1fe6548bfa2b",
                "sha256:795e7751525cae078558e679d646ae45574b47ed6e7771863fcc079a6171a0fc",
                "sha256:7be7b61bb172e1ed687f1754f8e7484f1c8019780f6f6b0786e76bb01c2ae115",
                "sha256:7c3fb7d25180895632e5d3148dbdc29ea38ccb7fd210aa27acbd1201a1902c6e",
                "sha256:7e68f88e5b8799aa49c85cd116c932a1ac15caaa3f5db09087854d218359e485",
                "sha256:83891d0e9fb81a825d9a6d61e3f07550ca70a076484292a70fde82c4b807286f",
                "sha256:8485f406a96febb5140bfeca44a73e3ce5116b2501ac54fe953e488fb1d03b12",
                "sha256:8709b08f4a89aa7586de0aadc8da56180242ee0ada3999749b183aa23df95025",
                "sha256:8f71bc33915be5186016f675cd83a1e08523649b0e33efdb898db577ef5bb009",
                "sha256:915c04ba3851909ce68ccc2b8e2cd691618c4dc4c4232fb7982bca3f41fd8c3d",
                "sha256:949b8d66bc381ee8b007cd945914c721d9aba8e27f71959d750a46f7c282b20b",
                "sha256:94c6f0bb423f739146aec64595853541634bde58b2135f27f61c1ffd1cd4d16a",
                "sha256:9a1abfdc021a164803f4d485104931fb8f8c1efd55bc6b748d2f5774e78b62c5",
                "sha256:9b79b7a16f7fedff2495d684f2b59b0457c3b493778c9eed31111be64d58279f",
                "sha256:a320721ab5a1aba0a233739394eb907f8c8da5c98c9181d1161e77a0c8e36f2d",
                "sha256:a4afe79fb3de0b7097d81da19090f4df4f8d3a2b3adaa8764138aac2e44f3af1",
                "sha256:ad2cf8aa28b8c020ab2fc8287b0f823d0a7d8630784c31e9ee5edea20f406287",
                "sha256:b8512a91625c9b3da6f127803b166b629725e68af71f8184ae7e7d54686a56d6",
                "sha256:bc51efed119bc9cfdf792cdeaa4d67e8f6fcccab66ed4bfdd6bde3e59bfcbb2f",
                "sha256:bdc919ead48f234740ad807933cdf545180bfbe9342c2bb451556db2ed958581",
                "sha256:bdd37121970bfd8be76c5fb069c7751683bdf373db1ed6c010162b2a130248ed",
                "sha256:be8813b57049a7dc738189df53d69395eba14fb99345e0a5994914a3864c8a4b",
                "sha256:c0c0b3ade1c0b13b936d7970b1d37a57acde9199dc2aecc4c336773e1d86049c",
                "sha256:c47a551199eb8eb2121d4f0f15ae0f923d31350ab9280078d1e5f12b249e0026",
                "sha256:c4ffb7ebf07cfe8931028e3e4c85f0357459a3f9f9490886198848f4fa002ec8",
                "sha256:ccfcd093f13f0f0b7fdd0f198b90053bf7b2f02a3927a30e63f3ccc9df56b676",
                "sha256:d2ee202e79d8ed691ceebae8e0486bd9a2cd4794cec4824e1c99b6f5009502f6",
                "sha256:d53197da72cc091b024dd97249dfc7794d6a56530370992a5e1a08983ad9230e",
                "sha256:d6dd0be5b5b189d31db7cda48b91d7e0a9795f31430b7f271219ab30f1d3ac9d",
                "sha256:d88b440e37a16e651bda4c7c2b930eb586fd15ca7406cb39e211fcff3bf3017d",
                "sha256:de8a88e63464af587c950061a5e6a67d3632e36df62b986892331d4620a35c01",
                "sha256:df2449253ef108a379b8b5d6b43f4b1a8e81a061d6537becd5582fba5f9196d7",
                "sha256:e1c1493fb6e50ab01d20a22826e57520f1284df32f2d8601fdd90b6304601419",
                "sha256:e1cf1972137e83c5d4c136c43ced9ac51d0e124706ee1c8aa8532c1287fa8795",
                "sha256:e2103a929dfa2fcaf9bb4e7c091983a49c9ac3b19c9061b6d5427dd7d14d81a1",
                "sha256:e56b7d45a839a697b5eb268c82a71bd8c7f6c94d6fd50c3d577fa39a9f1409f5",
                "sha256:e8afc3f2ccfa24215f8cb28dcf43f0113ac3c37c2f0f0806d8c70e4228c5cf4d",
                "sha256:e8fc20152abba6b83724d7ff268c249fa196d8259ff481f3b1476383f8f24e42",
                "sha256:eaa9599de571d72e2daf60164784109f19978b327a3910d3e9de8c97b5b70cfe",
                "sha256:ec15a59cf5af7be74194f7ab02d0f59a62bdcf1a537677ce67a2537c9b87fcda",
                "sha256:f190daf01f13c72eac4efd5c430a8de82489d9cff23c364c3ea822545032993e",
                "sha256:f34c41761022dd093b4b6896d4810782ffbabe30f2d443ff5f083e0cbbb8c737",
                "sha256:f3e98bb3798ead92273dc0e5fd0f31ade220f59a266ffd8a4f6065e0a3ce0523",
                "sha256:f42d0984e947b8adf7dd6dde396e720934d12c506ce84eea8476409563607591",
                "sha256:f71a396b3bf33ecaa1626c255855702aca4d3d9fea5e051b41ac59a9c1c41edc",
                "sha256:f9e130248f4462aaa8e2552d547f36ddadbeaa573879158d721bbd33dfe4743a",
                "sha256:fed51ac40f757d41b7c48425901843666a6677e3e8eb0abcff09e4ba6e664f50"
            ],
            "markers": "python_version >= '3.9'",
            "version": "==3.0.3"
        },
        "pymongo": {
            "hashes": [
                "sha256:03e0f9901ad66c6fb7da0d303461377524d61dab93a4e4e5af44164c5bb4db76",
                "sha256:1421d0bd2ce629405f5157bd1aaa9b83f12d53a207cf68a43334f4e4ee312b66",
                "sha256:1c90c848a5e45475731c35097f43026b88ef14a771dfd08f20b67adc160a3f79",
                "sha256:1cc1febf17646d52b7561caa762f60bdfe2cbdf3f3e70772f62eb624269f9c05",
                "sha256:23b1e9dabd61da1c7deb54d888f952f030e9e35046cebe89309b28223345b3d9",
                "sha256:26140fbb3f6a9a74bd73ed46d0b1f43d5702e87a6e453a31b24fad9c19df9358",
                "sha256:2c59c2c9e70f63a7f18a31e367898248c39c068c639b0579623776f637e8f482",
                "sha256:3564f423958fced8a8c90940fd2f543c27adbcd6c7c6ed6715d847053f6200a0",
                "sha256:35ba90477fae61c65def6e7d09e8040edfdd3b7fd47c3c258b4edded60c4d625",
                "sha256:397fed21afec4fdaecf72f9c4344b692e489756030a9c6d864393e00c7e80491",
                "sha256:3a0e81c8dba6d825272867d487f18764cfed3c736d71d7d4ff5b79642acbed42",
                "sha256:413506bd48d8c31ee100645192171e4773550d7cb940b594d5175ac29e329ea1",
                "sha256:4225100b2c5d1f7393d7c5d256ceb8b20766830eecf869f8ae232776347625a6",
                "sha256:487e2f9277f8a63ac89335ec4f1699ae0d96ebd06d239480d69ed25473a71b2c",
                "sha256:4a4cc91c28e81c0ce03d3c278e399311b0af44665668a91828aec16527082676",
                "sha256:4c3cba427dac50944c050c96d958c5e643c33a457acee03bae27c8990c5b9c16",
                "sha256:4d719a643ea6da46d215a3ba51dac805a773b611c641319558d8576cbe31cef8",
                "sha256:517243b2b189c98004570dd8fc0e89b1a48363d5578b3b99212fa2098b2ea4b8",
                "sha256:5f3569ed119bf99c0f39ac9962fb5591eff02ca210fe80bb5178d7a1171c1b1e",
                "sha256:6354a66b228f2cd399be7429685fb68e07f19110a3679782ecb4fdb68da03831",
                "sha256:6db3d608d541a444c84f0bfc7bad80b0b897e0f4afa580a53f9a944065d9b633",
                "sha256:6e2287f1e2cc35e73cd74a4867e398a97962c5578a3991c730ef78d276ca8e46",
                "sha256:79cc6459209e885ba097779eaa0fe7f2fa049db39ab43b1731cf8d065a4650e8",
                "sha256:7a8af8a38fa6951fff73e6ff955a6188f829b29fed7c5a1b739a306b4aa56fe8",
                "sha256:82a97d8f7f138586d9d0a0cff804a045cdbbfcfc1cd6bba542b151e284fbbec5",
                "sha256:88fc1d146feabac4385ea8ddb1323e584922922641303c8bf392fe1c36803463",
                "sha256:89872041196c008caddf905eb59d3dc2d292ae6b0282f1138418e76f3abd3ad6",
                "sha256:8d00a5d8fc1043a4f641cbb321da766699393f1b6f87c70fae8089d61c9c9c54",
                "sha256:8dfcf18a49955d50a16c92b39230bd0668ffc9c164ccdfe9d28805182b48fa72",
                "sha256:8e28feb18dc559d50ededba27f9054c79f80c4edd70a826cecfe68f3266807b3",
                "sha256:8ed1132f58c38add6b6138b771d0477a3833023c015c455d9a6e26f367f9eb5c",
                "sha256:92dd247727dd83d1903e495acc743ebd757f030177df289e3ba4ef8a8c561fad",
                "sha256:9377b868c38700c7557aac1bc4baae29f47f1d279cc76b60436e547fd643318c",
                "sha256:94baa5fc7f7d22c3ce2ac7bd92f7e03ba7a6875f2480e3b97a400163d6eaafc9",
                "sha256:9a870824aa54453aee030bac08c77ebcf2fe8999400f0c2a065bebcbcd46b7f8",
                "sha256:9aa8735955c70892634d7e61b0ede9b1eefffd3cd09ccabee0ffcf1bdfe62254",
                "sha256:9cf2069f5d37c398186453589486ea98bb0312214c439f7d320593b61880dc05",
                "sha256:a46cffe91912570151617d866a25d07b9539433a32231ca7e7cf809b6ba1745f",
                "sha256:a7a5fd893edbeb7fa982f8d44b6dd0186b6cd86c89e23f6ef95049ff72bffe46",
                "sha256:b3a8a1ef4a824f5feb793b3231526d0045eadb5eb01080e38435dfc40a26c3e5",
                "sha256:c168a2fadc8b19071d0a9a4f85fe38f3029fe22163db04b4d5c046041c0b14bd",
                "sha256:c450ab2f9397e2d5caa7fddeb4feb30bf719c47c13ae02c0bbb3b71bf4099c1c",
                "sha256:c6bfa29f032fd4fd7b129520f8cdb51ab71d88c2ba0567cccd05d325f963acb5",
                "sha256:cb30c8a78f5ebaca98640943447b6a0afcb146f40b415757c9047bf4a40d07b4",
                "sha256:d08165fd82c89d372e82904c3268bd8fe5de44f92a00e97bb1db1785154397d9",
                "sha256:d14e5e89a4be1f10efc3d9dcb13eb7a3b2334599cb6bb5d06c6a9281b79c8e22",
                "sha256:d2f52b38151e946011d888a8441d3d75715c663fc5b41a7ade595e924e12a90a",
                "sha256:d3ed97b89de62ea927b672ad524de0d23f3a6b4a01c8d10e3d224abec973fbc3",
                "sha256:d8b1e06f361f3c66ee694cb44326e1a2e4f93bc9c3a4849ae8547889fca71154",
                "sha256:da4a6a7b4f45329bb135aa5096823637bd5f760b44d6224f98190ee367b6b5dd",
                "sha256:de3b9db558930efab5eaef4db46dcad8bf61ac3ddfd5751b3e5ac6084a25e366",
                "sha256:dfd7b3d3f4261bddbb74a332d87581bc523353e62bb9da4027cc7340f6fcbebc",
                "sha256:e90af2ad3a8a7c295f4d09a2fbcb9a350c76d6865f787c07fe843b79c6e821d1",
                "sha256:e9580b4537b3cc5d412070caabd1dabdf73fdce249793598792bac5782ecf2eb",
                "sha256:eb383c54c0c8ba27e7712b954fcf2a0905fee82a929d277e2e94ad3a5ba3c7db",
                "sha256:f0e149217ef62812d3c2401cf0e2852b0c57fd155297ecc4dcd67172c4eca402",
                "sha256:f21ecddcba2d9132d5aebd8e959de8d318c29892d0718420447baf2b9bccbb19",
                "sha256:f598be401b416319a535c386ac84f51df38663f7a9d1071922bda4d491564422",
                "sha256:f7ee974f8b9370a998919c55b1050889f43815ab588890212023fecbc0402a6d",
                "sha256:f903075f8625e2d228f1b9b9a0cf1385f1c41e93c03fd7536c91780a0fb2e98f"
            ],
            "index": "pypi",
            "markers": "python_version >= '3.7'",
            "version": "==4.7.3"
        },
        "python-dotenv": {
            "hashes": [
                "sha256:e324ee90a023d808f1959c46bcbc04446a10ced277783dc6ee09987c37ec10ca",
                "sha256:f7b63ef50f1b690dddf550d03497b66d609393b40b564ed0d674909a68ebf16a"
            ],
            "index": "pypi",
            "markers": "python_version >= '3.8'",
            "version": "==1.0.1"
        },
        "werkzeug": {
            "hashes": [
                "sha256:54b78bf3716d19a65be4fceccc0d1d7b89e608834989dfae50ea87564639213e",
                "sha256:60723ce945c19328679790e3282cc758aa4a6040e4bb330f53d30fa546d44746"
            ],
            "markers": "python_version >= '3.9'",
            "version": "==3.1.3"
        }
    },
    "develop": {}
}
